<?xml version="1.0" encoding="utf-8"?>
<Project ToolsVersion="4.0" xmlns="http://schemas.microsoft.com/developer/msbuild/2003">
  <ItemGroup>
    <Filter Include="Source Files">
      <UniqueIdentifier>{4FC737F1-C7A5-4376-A066-2A32D752A2FF}</UniqueIdentifier>
      <Extensions>cpp;c;cc;cxx;def;odl;idl;hpj;bat;asm;asmx</Extensions>
    </Filter>
    <Filter Include="Header Files">
      <UniqueIdentifier>{93995380-89BD-4b04-88EB-625FBE52EBFB}</UniqueIdentifier>
      <Extensions>h;hh;hpp;hxx;hm;inl;inc;xsd</Extensions>
    </Filter>
    <Filter Include="Resource Files">
      <UniqueIdentifier>{67DA6AB6-F800-4c08-8B7A-83BB121AAD01}</UniqueIdentifier>
      <Extensions>rc;ico;cur;bmp;dlg;rc2;rct;bin;rgs;gif;jpg;jpeg;jpe;resx;tiff;tif;png;wav;mfcribbon-ms</Extensions>
    </Filter>
    <Filter Include="Source Files\Models">
      <UniqueIdentifier>{fad25087-545a-4623-a280-c82884da865e}</UniqueIdentifier>
    </Filter>
    <Filter Include="Header Files\Models">
      <UniqueIdentifier>{d256aee5-026e-43f2-ba36-de4a512f4e8b}</UniqueIdentifier>
    </Filter>
    <Filter Include="Header Files\Enumerations">
      <UniqueIdentifier>{88fedcd3-3088-4595-9bdc-d9c16ffcb97c}</UniqueIdentifier>
    </Filter>
  </ItemGroup>
  <ItemGroup>
    <Text Include="ReadMe.txt" />
  </ItemGroup>
  <ItemGroup>
    <ClInclude Include="Session.h">
      <Filter>Header Files</Filter>
    </ClInclude>
    <ClInclude Include="RecordingSettings.h">
      <Filter>Header Files</Filter>
    </ClInclude>
    <ClInclude Include="Configuration.h">
      <Filter>Header Files</Filter>
    </ClInclude>
    <ClInclude Include="AudioBroker.h">
      <Filter>Header Files</Filter>
    </ClInclude>
    <ClInclude Include="ArchivedRecording.h">
      <Filter>Header Files</Filter>
    </ClInclude>
    <ClInclude Include="Token.h">
      <Filter>Header Files\Models</Filter>
    </ClInclude>
    <ClInclude Include="SessionStatus.h">
      <Filter>Header Files\Models</Filter>
    </ClInclude>
    <ClInclude Include="CallStatus.h">
      <Filter>Header Files\Enumerations</Filter>
    </ClInclude>
    <ClInclude Include="CallDirection.h">
      <Filter>Header Files\Enumerations</Filter>
    </ClInclude>
    <ClInclude Include="ConnectionString.h">
      <Filter>Header Files\Models</Filter>
    </ClInclude>
    <ClInclude Include="ArchiveCallResponse.h">
      <Filter>Header Files\Models</Filter>
    </ClInclude>
    <ClInclude Include="SendFileResult.h">
      <Filter>Header Files\Models</Filter>
    </ClInclude>
    <ClInclude Include="RecordingSettingSummary.h">
      <Filter>Header Files\Models</Filter>
    </ClInclude>
    <ClInclude Include="RecordingInfo.h">
      <Filter>Header Files</Filter>
    </ClInclude>
    <ClInclude Include="Contact.h">
      <Filter>Header Files\Models</Filter>
    </ClInclude>
    <ClInclude Include="Audio.h">
      <Filter>Header Files\Models</Filter>
    </ClInclude>
    <ClInclude Include="StreamPartSource.h">
      <Filter>Header Files</Filter>
    </ClInclude>
  </ItemGroup>
  <ItemGroup>
    <ClCompile Include="Session.cpp">
      <Filter>Source Files</Filter>
    </ClCompile>
    <ClCompile Include="RecordingSettings.cpp">
      <Filter>Source Files</Filter>
    </ClCompile>
    <ClCompile Include="Configuration.cpp">
      <Filter>Source Files</Filter>
    </ClCompile>
    <ClCompile Include="ArchivedRecording.cpp">
      <Filter>Source Files</Filter>
    </ClCompile>
    <ClCompile Include="Token.cpp">
      <Filter>Source Files\Models</Filter>
    </ClCompile>
    <ClCompile Include="RecordingInfo.cpp">
      <Filter>Source Files</Filter>
    </ClCompile>
    <ClCompile Include="StreamPartSource.cpp">
      <Filter>Source Files</Filter>
    </ClCompile>
  </ItemGroup>
</Project>